// !$*UTF8*$!
{
	archiveVersion = 1;
	classes = {
	};
	objectVersion = 48;
	objects = {

/* Begin PBXBuildFile section */
		AF0373D41F77E7D2003CE251 /* AppDelegate.swift in Sources */ = {isa = PBXBuildFile; fileRef = AF0373D31F77E7D2003CE251 /* AppDelegate.swift */; };
		AF0373D61F77E7D2003CE251 /* ViewController.swift in Sources */ = {isa = PBXBuildFile; fileRef = AF0373D51F77E7D2003CE251 /* ViewController.swift */; };
		AF0373D81F77E7D2003CE251 /* Assets.xcassets in Resources */ = {isa = PBXBuildFile; fileRef = AF0373D71F77E7D2003CE251 /* Assets.xcassets */; };
		AF0373DB1F77E7D2003CE251 /* Main.storyboard in Resources */ = {isa = PBXBuildFile; fileRef = AF0373D91F77E7D2003CE251 /* Main.storyboard */; };
		AF0373E71F77E7D2003CE251 /* ReToolTests.swift in Sources */ = {isa = PBXBuildFile; fileRef = AF0373E61F77E7D2003CE251 /* ReToolTests.swift */; };
		AF0373F21F77E7D2003CE251 /* ReToolUITests.swift in Sources */ = {isa = PBXBuildFile; fileRef = AF0373F11F77E7D2003CE251 /* ReToolUITests.swift */; };
		AF0374001F77F882003CE251 /* Res.swift in Sources */ = {isa = PBXBuildFile; fileRef = AF0373FF1F77F882003CE251 /* Res.swift */; };
/* End PBXBuildFile section */

/* Begin PBXContainerItemProxy section */
		AF0373E31F77E7D2003CE251 /* PBXContainerItemProxy */ = {
			isa = PBXContainerItemProxy;
			containerPortal = AF0373C81F77E7D2003CE251 /* Project object */;
			proxyType = 1;
			remoteGlobalIDString = AF0373CF1F77E7D2003CE251;
			remoteInfo = ReTool;
		};
		AF0373EE1F77E7D2003CE251 /* PBXContainerItemProxy */ = {
			isa = PBXContainerItemProxy;
			containerPortal = AF0373C81F77E7D2003CE251 /* Project object */;
			proxyType = 1;
			remoteGlobalIDString = AF0373CF1F77E7D2003CE251;
			remoteInfo = ReTool;
		};
/* End PBXContainerItemProxy section */

/* Begin PBXFileReference section */
		AF0373D01F77E7D2003CE251 /* ReTool.app */ = {isa = PBXFileReference; explicitFileType = wrapper.application; includeInIndex = 0; path = ReTool.app; sourceTree = BUILT_PRODUCTS_DIR; };
		AF0373D31F77E7D2003CE251 /* AppDelegate.swift */ = {isa = PBXFileReference; lastKnownFileType = sourcecode.swift; path = AppDelegate.swift; sourceTree = "<group>"; };
		AF0373D51F77E7D2003CE251 /* ViewController.swift */ = {isa = PBXFileReference; lastKnownFileType = sourcecode.swift; path = ViewController.swift; sourceTree = "<group>"; };
		AF0373D71F77E7D2003CE251 /* Assets.xcassets */ = {isa = PBXFileReference; lastKnownFileType = folder.assetcatalog; path = Assets.xcassets; sourceTree = "<group>"; };
		AF0373DA1F77E7D2003CE251 /* Base */ = {isa = PBXFileReference; lastKnownFileType = file.storyboard; name = Base; path = Base.lproj/Main.storyboard; sourceTree = "<group>"; };
		AF0373DC1F77E7D2003CE251 /* Info.plist */ = {isa = PBXFileReference; lastKnownFileType = text.plist.xml; path = Info.plist; sourceTree = "<group>"; };
		AF0373DD1F77E7D2003CE251 /* ReTool.entitlements */ = {isa = PBXFileReference; lastKnownFileType = text.plist.entitlements; path = ReTool.entitlements; sourceTree = "<group>"; };
		AF0373E21F77E7D2003CE251 /* ReToolTests.xctest */ = {isa = PBXFileReference; explicitFileType = wrapper.cfbundle; includeInIndex = 0; path = ReToolTests.xctest; sourceTree = BUILT_PRODUCTS_DIR; };
		AF0373E61F77E7D2003CE251 /* ReToolTests.swift */ = {isa = PBXFileReference; lastKnownFileType = sourcecode.swift; path = ReToolTests.swift; sourceTree = "<group>"; };
		AF0373E81F77E7D2003CE251 /* Info.plist */ = {isa = PBXFileReference; lastKnownFileType = text.plist.xml; path = Info.plist; sourceTree = "<group>"; };
		AF0373ED1F77E7D2003CE251 /* ReToolUITests.xctest */ = {isa = PBXFileReference; explicitFileType = wrapper.cfbundle; includeInIndex = 0; path = ReToolUITests.xctest; sourceTree = BUILT_PRODUCTS_DIR; };
		AF0373F11F77E7D2003CE251 /* ReToolUITests.swift */ = {isa = PBXFileReference; lastKnownFileType = sourcecode.swift; path = ReToolUITests.swift; sourceTree = "<group>"; };
		AF0373F31F77E7D2003CE251 /* Info.plist */ = {isa = PBXFileReference; lastKnownFileType = text.plist.xml; path = Info.plist; sourceTree = "<group>"; };
		AF0373FF1F77F882003CE251 /* Res.swift */ = {isa = PBXFileReference; lastKnownFileType = sourcecode.swift; path = Res.swift; sourceTree = "<group>"; };
/* End PBXFileReference section */

/* Begin PBXFrameworksBuildPhase section */
		AF0373CD1F77E7D2003CE251 /* Frameworks */ = {
			isa = PBXFrameworksBuildPhase;
			buildActionMask = 2147483647;
			files = (
			);
			runOnlyForDeploymentPostprocessing = 0;
		};
		AF0373DF1F77E7D2003CE251 /* Frameworks */ = {
			isa = PBXFrameworksBuildPhase;
			buildActionMask = 2147483647;
			files = (
			);
			runOnlyForDeploymentPostprocessing = 0;
		};
		AF0373EA1F77E7D2003CE251 /* Frameworks */ = {
			isa = PBXFrameworksBuildPhase;
			buildActionMask = 2147483647;
			files = (
			);
			runOnlyForDeploymentPostprocessing = 0;
		};
/* End PBXFrameworksBuildPhase section */

/* Begin PBXGroup section */
		AF0373C71F77E7D2003CE251 = {
			isa = PBXGroup;
			children = (
				AF0373D21F77E7D2003CE251 /* ReTool */,
				AF0373E51F77E7D2003CE251 /* ReToolTests */,
				AF0373F01F77E7D2003CE251 /* ReToolUITests */,
				AF0373D11F77E7D2003CE251 /* Products */,
			);
			sourceTree = "<group>";
		};
		AF0373D11F77E7D2003CE251 /* Products */ = {
			isa = PBXGroup;
			children = (
				AF0373D01F77E7D2003CE251 /* ReTool.app */,
				AF0373E21F77E7D2003CE251 /* ReToolTests.xctest */,
				AF0373ED1F77E7D2003CE251 /* ReToolUITests.xctest */,
			);
			name = Products;
			sourceTree = "<group>";
		};
		AF0373D21F77E7D2003CE251 /* ReTool */ = {
			isa = PBXGroup;
			children = (
				AF0373D31F77E7D2003CE251 /* AppDelegate.swift */,
				AF0373D51F77E7D2003CE251 /* ViewController.swift */,
				AF0373D71F77E7D2003CE251 /* Assets.xcassets */,
				AF0373D91F77E7D2003CE251 /* Main.storyboard */,
				AF0373DC1F77E7D2003CE251 /* Info.plist */,
				AF0373DD1F77E7D2003CE251 /* ReTool.entitlements */,
				AF0373FF1F77F882003CE251 /* Res.swift */,
			);
			path = ReTool;
			sourceTree = "<group>";
		};
		AF0373E51F77E7D2003CE251 /* ReToolTests */ = {
			isa = PBXGroup;
			children = (
				AF0373E61F77E7D2003CE251 /* ReToolTests.swift */,
				AF0373E81F77E7D2003CE251 /* Info.plist */,
			);
			path = ReToolTests;
			sourceTree = "<group>";
		};
		AF0373F01F77E7D2003CE251 /* ReToolUITests */ = {
			isa = PBXGroup;
			children = (
				AF0373F11F77E7D2003CE251 /* ReToolUITests.swift */,
				AF0373F31F77E7D2003CE251 /* Info.plist */,
			);
			path = ReToolUITests;
			sourceTree = "<group>";
		};
/* End PBXGroup section */

/* Begin PBXNativeTarget section */
		AF0373CF1F77E7D2003CE251 /* ReTool */ = {
			isa = PBXNativeTarget;
			buildConfigurationList = AF0373F61F77E7D2003CE251 /* Build configuration list for PBXNativeTarget "ReTool" */;
			buildPhases = (
				AF0373CC1F77E7D2003CE251 /* Sources */,
				AF0373CD1F77E7D2003CE251 /* Frameworks */,
				AF0373CE1F77E7D2003CE251 /* Resources */,
			);
			buildRules = (
			);
			dependencies = (
			);
			name = ReTool;
			productName = ReTool;
			productReference = AF0373D01F77E7D2003CE251 /* ReTool.app */;
			productType = "com.apple.product-type.application";
		};
		AF0373E11F77E7D2003CE251 /* ReToolTests */ = {
			isa = PBXNativeTarget;
			buildConfigurationList = AF0373F91F77E7D2003CE251 /* Build configuration list for PBXNativeTarget "ReToolTests" */;
			buildPhases = (
				AF0373DE1F77E7D2003CE251 /* Sources */,
				AF0373DF1F77E7D2003CE251 /* Frameworks */,
				AF0373E01F77E7D2003CE251 /* Resources */,
			);
			buildRules = (
			);
			dependencies = (
				AF0373E41F77E7D2003CE251 /* PBXTargetDependency */,
			);
			name = ReToolTests;
			productName = ReToolTests;
			productReference = AF0373E21F77E7D2003CE251 /* ReToolTests.xctest */;
			productType = "com.apple.product-type.bundle.unit-test";
		};
		AF0373EC1F77E7D2003CE251 /* ReToolUITests */ = {
			isa = PBXNativeTarget;
			buildConfigurationList = AF0373FC1F77E7D2003CE251 /* Build configuration list for PBXNativeTarget "ReToolUITests" */;
			buildPhases = (
				AF0373E91F77E7D2003CE251 /* Sources */,
				AF0373EA1F77E7D2003CE251 /* Frameworks */,
				AF0373EB1F77E7D2003CE251 /* Resources */,
			);
			buildRules = (
			);
			dependencies = (
				AF0373EF1F77E7D2003CE251 /* PBXTargetDependency */,
			);
			name = ReToolUITests;
			productName = ReToolUITests;
			productReference = AF0373ED1F77E7D2003CE251 /* ReToolUITests.xctest */;
			productType = "com.apple.product-type.bundle.ui-testing";
		};
/* End PBXNativeTarget section */

/* Begin PBXProject section */
		AF0373C81F77E7D2003CE251 /* Project object */ = {
			isa = PBXProject;
			attributes = {
				LastSwiftUpdateCheck = 0900;
				LastUpgradeCheck = 0900;
				ORGANIZATIONNAME = lhr;
				TargetAttributes = {
					AF0373CF1F77E7D2003CE251 = {
						CreatedOnToolsVersion = 9.0;
						ProvisioningStyle = Automatic;
					};
					AF0373E11F77E7D2003CE251 = {
						CreatedOnToolsVersion = 9.0;
						ProvisioningStyle = Automatic;
						TestTargetID = AF0373CF1F77E7D2003CE251;
					};
					AF0373EC1F77E7D2003CE251 = {
						CreatedOnToolsVersion = 9.0;
						ProvisioningStyle = Automatic;
						TestTargetID = AF0373CF1F77E7D2003CE251;
					};
				};
			};
			buildConfigurationList = AF0373CB1F77E7D2003CE251 /* Build configuration list for PBXProject "ReTool" */;
			compatibilityVersion = "Xcode 8.0";
			developmentRegion = en;
			hasScannedForEncodings = 0;
			knownRegions = (
				en,
				Base,
			);
			mainGroup = AF0373C71F77E7D2003CE251;
			productRefGroup = AF0373D11F77E7D2003CE251 /* Products */;
			projectDirPath = "";
			projectRoot = "";
			targets = (
				AF0373CF1F77E7D2003CE251 /* ReTool */,
				AF0373E11F77E7D2003CE251 /* ReToolTests */,
				AF0373EC1F77E7D2003CE251 /* ReToolUITests */,
			);
		};
/* End PBXProject section */

/* Begin PBXResourcesBuildPhase section */
		AF0373CE1F77E7D2003CE251 /* Resources */ = {
			isa = PBXResourcesBuildPhase;
			buildActionMask = 2147483647;
			files = (
				AF0373D81F77E7D2003CE251 /* Assets.xcassets in Resources */,
				AF0373DB1F77E7D2003CE251 /* Main.storyboard in Resources */,
			);
			runOnlyForDeploymentPostprocessing = 0;
		};
		AF0373E01F77E7D2003CE251 /* Resources */ = {
			isa = PBXResourcesBuildPhase;
			buildActionMask = 2147483647;
			files = (
			);
			runOnlyForDeploymentPostprocessing = 0;
		};
		AF0373EB1F77E7D2003CE251 /* Resources */ = {
			isa = PBXResourcesBuildPhase;
			buildActionMask = 2147483647;
			files = (
			);
			runOnlyForDeploymentPostprocessing = 0;
		};
/* End PBXResourcesBuildPhase section */

/* Begin PBXSourcesBuildPhase section */
		AF0373CC1F77E7D2003CE251 /* Sources */ = {
			isa = PBXSourcesBuildPhase;
			buildActionMask = 2147483647;
			files = (
				AF0373D61F77E7D2003CE251 /* ViewController.swift in Sources */,
				AF0373D41F77E7D2003CE251 /* AppDelegate.swift in Sources */,
				AF0374001F77F882003CE251 /* Res.swift in Sources */,
			);
			runOnlyForDeploymentPostprocessing = 0;
		};
		AF0373DE1F77E7D2003CE251 /* Sources */ = {
			isa = PBXSourcesBuildPhase;
			buildActionMask = 2147483647;
			files = (
				AF0373E71F77E7D2003CE251 /* ReToolTests.swift in Sources */,
			);
			runOnlyForDeploymentPostprocessing = 0;
		};
		AF0373E91F77E7D2003CE251 /* Sources */ = {
			isa = PBXSourcesBuildPhase;
			buildActionMask = 2147483647;
			files = (
				AF0373F21F77E7D2003CE251 /* ReToolUITests.swift in Sources */,
			);
			runOnlyForDeploymentPostprocessing = 0;
		};
/* End PBXSourcesBuildPhase section */

/* Begin PBXTargetDependency section */
		AF0373E41F77E7D2003CE251 /* PBXTargetDependency */ = {
			isa = PBXTargetDependency;
			target = AF0373CF1F77E7D2003CE251 /* ReTool */;
			targetProxy = AF0373E31F77E7D2003CE251 /* PBXContainerItemProxy */;
		};
		AF0373EF1F77E7D2003CE251 /* PBXTargetDependency */ = {
			isa = PBXTargetDependency;
			target = AF0373CF1F77E7D2003CE251 /* ReTool */;
			targetProxy = AF0373EE1F77E7D2003CE251 /* PBXContainerItemProxy */;
		};
/* End PBXTargetDependency section */

/* Begin PBXVariantGroup section */
		AF0373D91F77E7D2003CE251 /* Main.storyboard */ = {
			isa = PBXVariantGroup;
			children = (
				AF0373DA1F77E7D2003CE251 /* Base */,
			);
			name = Main.storyboard;
			sourceTree = "<group>";
		};
/* End PBXVariantGroup section */

/* Begin XCBuildConfiguration section */
		AF0373F41F77E7D2003CE251 /* Debug */ = {
			isa = XCBuildConfiguration;
			buildSettings = {
				ALWAYS_SEARCH_USER_PATHS = NO;
				CLANG_ANALYZER_NONNULL = YES;
				CLANG_ANALYZER_NUMBER_OBJECT_CONVERSION = YES_AGGRESSIVE;
				CLANG_CXX_LANGUAGE_STANDARD = "gnu++14";
				CLANG_CXX_LIBRARY = "libc++";
				CLANG_ENABLE_MODULES = YES;
				CLANG_ENABLE_OBJC_ARC = YES;
				CLANG_WARN_BLOCK_CAPTURE_AUTORELEASING = YES;
				CLANG_WARN_BOOL_CONVERSION = YES;
				CLANG_WARN_COMMA = YES;
				CLANG_WARN_CONSTANT_CONVERSION = YES;
				CLANG_WARN_DIRECT_OBJC_ISA_USAGE = YES_ERROR;
				CLANG_WARN_DOCUMENTATION_COMMENTS = YES;
				CLANG_WARN_EMPTY_BODY = YES;
				CLANG_WARN_ENUM_CONVERSION = YES;
				CLANG_WARN_INFINITE_RECURSION = YES;
				CLANG_WARN_INT_CONVERSION = YES;
				CLANG_WARN_NON_LITERAL_NULL_CONVERSION = YES;
				CLANG_WARN_OBJC_LITERAL_CONVERSION = YES;
				CLANG_WARN_OBJC_ROOT_CLASS = YES_ERROR;
				CLANG_WARN_RANGE_LOOP_ANALYSIS = YES;
				CLANG_WARN_STRICT_PROTOTYPES = YES;
				CLANG_WARN_SUSPICIOUS_MOVE = YES;
				CLANG_WARN_UNGUARDED_AVAILABILITY = YES_AGGRESSIVE;
				CLANG_WARN_UNREACHABLE_CODE = YES;
				CLANG_WARN__DUPLICATE_METHOD_MATCH = YES;
				CODE_SIGN_IDENTITY = "-";
				COPY_PHASE_STRIP = NO;
				DEBUG_INFORMATION_FORMAT = dwarf;
				ENABLE_STRICT_OBJC_MSGSEND = YES;
				ENABLE_TESTABILITY = YES;
				GCC_C_LANGUAGE_STANDARD = gnu11;
				GCC_DYNAMIC_NO_PIC = NO;
				GCC_NO_COMMON_BLOCKS = YES;
				GCC_OPTIMIZATION_LEVEL = 0;
				GCC_PREPROCESSOR_DEFINITIONS = (
					"DEBUG=1",
					"$(inherited)",
				);
				GCC_WARN_64_TO_32_BIT_CONVERSION = YES;
				GCC_WARN_ABOUT_RETURN_TYPE = YES_ERROR;
				GCC_WARN_UNDECLARED_SELECTOR = YES;
				GCC_WARN_UNINITIALIZED_AUTOS = YES_AGGRESSIVE;
				GCC_WARN_UNUSED_FUNCTION = YES;
				GCC_WARN_UNUSED_VARIABLE = YES;
				MACOSX_DEPLOYMENT_TARGET = 10.12;
				MTL_ENABLE_DEBUG_INFO = YES;
				ONLY_ACTIVE_ARCH = YES;
				SDKROOT = macosx;
				SWIFT_ACTIVE_COMPILATION_CONDITIONS = DEBUG;
				SWIFT_OPTIMIZATION_LEVEL = "-Onone";
			};
			name = Debug;
		};
		AF0373F51F77E7D2003CE251 /* Release */ = {
			isa = XCBuildConfiguration;
			buildSettings = {
				ALWAYS_SEARCH_USER_PATHS = NO;
				CLANG_ANALYZER_NONNULL = YES;
				CLANG_ANALYZER_NUMBER_OBJECT_CONVERSION = YES_AGGRESSIVE;
				CLANG_CXX_LANGUAGE_STANDARD = "gnu++14";
				CLANG_CXX_LIBRARY = "libc++";
				CLANG_ENABLE_MODULES = YES;
				CLANG_ENABLE_OBJC_ARC = YES;
				CLANG_WARN_BLOCK_CAPTURE_AUTORELEASING = YES;
				CLANG_WARN_BOOL_CONVERSION = YES;
				CLANG_WARN_COMMA = YES;
				CLANG_WARN_CONSTANT_CONVERSION = YES;
				CLANG_WARN_DIRECT_OBJC_ISA_USAGE = YES_ERROR;
				CLANG_WARN_DOCUMENTATION_COMMENTS = YES;
				CLANG_WARN_EMPTY_BODY = YES;
				CLANG_WARN_ENUM_CONVERSION = YES;
				CLANG_WARN_INFINITE_RECURSION = YES;
				CLANG_WARN_INT_CONVERSION = YES;
				CLANG_WARN_NON_LITERAL_NULL_CONVERSION = YES;
				CLANG_WARN_OBJC_LITERAL_CONVERSION = YES;
				CLANG_WARN_OBJC_ROOT_CLASS = YES_ERROR;
				CLANG_WARN_RANGE_LOOP_ANALYSIS = YES;
				CLANG_WARN_STRICT_PROTOTYPES = YES;
				CLANG_WARN_SUSPICIOUS_MOVE = YES;
				CLANG_WARN_UNGUARDED_AVAILABILITY = YES_AGGRESSIVE;
				CLANG_WARN_UNREACHABLE_CODE = YES;
				CLANG_WARN__DUPLICATE_METHOD_MATCH = YES;
				CODE_SIGN_IDENTITY = "-";
				COPY_PHASE_STRIP = NO;
				DEBUG_INFORMATION_FORMAT = "dwarf-with-dsym";
				ENABLE_NS_ASSERTIONS = NO;
				ENABLE_STRICT_OBJC_MSGSEND = YES;
				GCC_C_LANGUAGE_STANDARD = gnu11;
				GCC_NO_COMMON_BLOCKS = YES;
				GCC_WARN_64_TO_32_BIT_CONVERSION = YES;
				GCC_WARN_ABOUT_RETURN_TYPE = YES_ERROR;
				GCC_WARN_UNDECLARED_SELECTOR = YES;
				GCC_WARN_UNINITIALIZED_AUTOS = YES_AGGRESSIVE;
				GCC_WARN_UNUSED_FUNCTION = YES;
				GCC_WARN_UNUSED_VARIABLE = YES;
				MACOSX_DEPLOYMENT_TARGET = 10.12;
				MTL_ENABLE_DEBUG_INFO = NO;
				SDKROOT = macosx;
				SWIFT_OPTIMIZATION_LEVEL = "-Owholemodule";
			};
			name = Release;
		};
		AF0373F71F77E7D2003CE251 /* Debug */ = {
			isa = XCBuildConfiguration;
			buildSettings = {
				ASSETCATALOG_COMPILER_APPICON_NAME = AppIcon;
				CODE_SIGN_ENTITLEMENTS = ReTool/ReTool.entitlements;
				CODE_SIGN_STYLE = Automatic;
				COMBINE_HIDPI_IMAGES = YES;
				INFOPLIST_FILE = ReTool/Info.plist;
				LD_RUNPATH_SEARCH_PATHS = "$(inherited) @executable_path/../Frameworks";
				PRODUCT_BUNDLE_IDENTIFIER = com.zzlhr.ReTool;
				PRODUCT_NAME = "$(TARGET_NAME)";
				SWIFT_VERSION = 4.0;
			};
			name = Debug;
		};
		AF0373F81F77E7D2003CE251 /* Release */ = {
			isa = XCBuildConfiguration;
			buildSettings = {
				ASSETCATALOG_COMPILER_APPICON_NAME = AppIcon;
				CODE_SIGN_ENTITLEMENTS = ReTool/ReTool.entitlements;
				CODE_SIGN_STYLE = Automatic;
				COMBINE_HIDPI_IMAGES = YES;
				INFOPLIST_FILE = ReTool/Info.plist;
				LD_RUNPATH_SEARCH_PATHS = "$(inherited) @executable_path/../Frameworks";
				PRODUCT_BUNDLE_IDENTIFIER = com.zzlhr.ReTool;
				PRODUCT_NAME = "$(TARGET_NAME)";
				SWIFT_VERSION = 4.0;
			};
			name = Release;
		};
		AF0373FA1F77E7D2003CE251 /* Debug */ = {
			isa = XCBuildConfiguration;
			buildSettings = {
				ALWAYS_EMBED_SWIFT_STANDARD_LIBRARIES = YES;
				BUNDLE_LOADER = "$(TEST_HOST)";
				CODE_SIGN_STYLE = Automatic;
				COMBINE_HIDPI_IMAGES = YES;
				INFOPLIST_FILE = ReToolTests/Info.plist;
				LD_RUNPATH_SEARCH_PATHS = "$(inherited) @executable_path/../Frameworks @loader_path/../Frameworks";
				PRODUCT_BUNDLE_IDENTIFIER = com.zzlhr.ReToolTests;
				PRODUCT_NAME = "$(TARGET_NAME)";
				SWIFT_VERSION = 4.0;
				TEST_HOST = "$(BUILT_PRODUCTS_DIR)/ReTool.app/Contents/MacOS/ReTool";
			};
			name = Debug;
		};
		AF0373FB1F77E7D2003CE251 /* Release */ = {
			isa = XCBuildConfiguration;
			buildSettings = {
				ALWAYS_EMBED_SWIFT_STANDARD_LIBRARIES = YES;
				BUNDLE_LOADER = "$(TEST_HOST)";
				CODE_SIGN_STYLE = Automatic;
				COMBINE_HIDPI_IMAGES = YES;
				INFOPLIST_FILE = ReToolTests/Info.plist;
				LD_RUNPATH_SEARCH_PATHS = "$(inherited) @executable_path/../Frameworks @loader_path/../Frameworks";
				PRODUCT_BUNDLE_IDENTIFIER = com.zzlhr.ReToolTests;
				PRODUCT_NAME = "$(TARGET_NAME)";
				SWIFT_VERSION = 4.0;
				TEST_HOST = "$(BUILT_PRODUCTS_DIR)/ReTool.app/Contents/MacOS/ReTool";
			};
			name = Release;
		};
		AF0373FD1F77E7D2003CE251 /* Debug */ = {
			isa = XCBuildConfiguration;
			buildSettings = {
				ALWAYS_EMBED_SWIFT_STANDARD_LIBRARIES = YES;
				CODE_SIGN_STYLE = Automatic;
				COMBINE_HIDPI_IMAGES = YES;
				INFOPLIST_FILE = ReToolUITests/Info.plist;
				LD_RUNPATH_SEARCH_PATHS = "$(inherited) @executable_path/../Frameworks @loader_path/../Frameworks";
				PRODUCT_BUNDLE_IDENTIFIER = com.zzlhr.ReToolUITests;
				PRODUCT_NAME = "$(TARGET_NAME)";
				SWIFT_VERSION = 4.0;
				TEST_TARGET_NAME = ReTool;
			};
			name = Debug;
		};
		AF0373FE1F77E7D2003CE251 /* Release */ = {
			isa = XCBuildConfiguration;
			buildSettings = {
				ALWAYS_EMBED_SWIFT_STANDARD_LIBRARIES = YES;
				CODE_SIGN_STYLE = Automatic;
				COMBINE_HIDPI_IMAGES = YES;
				INFOPLIST_FILE = ReToolUITests/Info.plist;
				LD_RUNPATH_SEARCH_PATHS = "$(inherited) @executable_path/../Frameworks @loader_path/../Frameworks";
				PRODUCT_BUNDLE_IDENTIFIER = com.zzlhr.ReToolUITests;
				PRODUCT_NAME = "$(TARGET_NAME)";
				SWIFT_VERSION = 4.0;
				TEST_TARGET_NAME = ReTool;
			};
			name = Release;
		};
/* End XCBuildConfiguration section */

/* Begin XCConfigurationList section */
		AF0373CB1F77E7D2003CE251 /* Build configuration list for PBXProject "ReTool" */ = {
			isa = XCConfigurationList;
			buildConfigurations = (
				AF0373F41F77E7D2003CE251 /* Debug */,
				AF0373F51F77E7D2003CE251 /* Release */,
			);
			defaultConfigurationIsVisible = 0;
			defaultConfigurationName = Release;
		};
		AF0373F61F77E7D2003CE251 /* Build configuration list for PBXNativeTarget "ReTool" */ = {
			isa = XCConfigurationList;
			buildConfigurations = (
				AF0373F71F77E7D2003CE251 /* Debug */,
				AF0373F81F77E7D2003CE251 /* Release */,
			);
			defaultConfigurationIsVisible = 0;
			defaultConfigurationName = Release;
		};
		AF0373F91F77E7D2003CE251 /* Build configuration list for PBXNativeTarget "ReToolTests" */ = {
			isa = XCConfigurationList;
			buildConfigurations = (
				AF0373FA1F77E7D2003CE251 /* Debug */,
				AF0373FB1F77E7D2003CE251 /* Release */,
			);
			defaultConfigurationIsVisible = 0;
			defaultConfigurationName = Release;
		};
		AF0373FC1F77E7D2003CE251 /* Build configuration list for PBXNativeTarget "ReToolUITests" */ = {
			isa = XCConfigurationList;
			buildConfigurations = (
				AF0373FD1F77E7D2003CE251 /* Debug */,
				AF0373FE1F77E7D2003CE251 /* Release */,
			);
			defaultConfigurationIsVisible = 0;
			defaultConfigurationName = Release;
		};
/* End XCConfigurationList section */
	};
	rootObject = AF0373C81F77E7D2003CE251 /* Project object */;
}
